PODS:
  - Canvas (0.1.2)
  - Firebase (2.2.0)
  - TPKeyboardAvoiding (1.2.6)

DEPENDENCIES:
  - Canvas
  - Firebase (>= 2.2.0)
  - TPKeyboardAvoiding

SPEC CHECKSUMS:
  Canvas: ae2faca05a15c4d6659fb3ae5e2a14817df4449a
  Firebase: e7a2ea2ffeff99f9c37028b354194dcc9718d36b
  TPKeyboardAvoiding: 0797ad5f2366e2435e605202b01f3b7cff5d82cd

COCOAPODS: 0.35.0
