PODS:
  - Canvas (0.1.2)
  - Firebase (2.2.0)
  - TPKeyboardAvoiding (1.2.6)

DEPENDENCIES:
  - Canvas
  - Firebase (>= 2.2.0)
  - TPKeyboardAvoiding

SPEC CHECKSUMS:
  Canvas: eb861e3b555d032648146c8ffda1a5dea40059ca
  Firebase: e5f9cf72c72a9fdaf7e136012b6c52a263a23ca7
  TPKeyboardAvoiding: ee4dd35e3bb7bb64bfbda47e7cc9ba872ff10f77

COCOAPODS: 0.35.0
